<?xml version="1.0" encoding="UTF-8" standalone="yes" ?>
<CodeBlocks_project_file>
	<FileVersion major="1" minor="6" />
	<Project>
		<Option title="Fuzzy" />
		<Option pch_mode="2" />
		<Option compiler="gcc" />
		<Build>
			<Target title="Debug">
				<Option output="bin/Debug/Fuzzy" prefix_auto="1" extension_auto="1" />
				<Option object_output="obj/Debug/" />
				<Option type="1" />
				<Option compiler="gcc" />
				<Compiler>
					<Add option="-std=c++11" />
					<Add option="-g" />
					<Add directory="include" />
				</Compiler>
			</Target>
			<Target title="Static">
				<Option output="bin/Static/Fuzzy" prefix_auto="1" extension_auto="1" />
				<Option working_dir="" />
				<Option type="2" />
				<Option compiler="gcc" />
				<Option createDefFile="1" />
				<Compiler>
					<Add option="-std=c++11" />
					<Add directory="include" />
				</Compiler>
			</Target>
		</Build>
		<Compiler>
			<Add option="-Wall" />
		</Compiler>
		<Unit filename="example.txt" />
		<Unit filename="example2.txt" />
		<Unit filename="include/Defuzzyfier.h">
			<Option target="Debug" />
		</Unit>
		<Unit filename="include/FuzzySet.h" />
		<Unit filename="include/FuzzySystem.h" />
		<Unit filename="include/FuzzyVariable.h">
			<Option target="Debug" />
		</Unit>
		<Unit filename="include/Fuzzyfier.h" />
		<Unit filename="include/InferenceEngine.h" />
		<Unit filename="include/Log.h" />
		<Unit filename="include/Rule.h" />
		<Unit filename="include/Rulebase.h" />
		<Unit filename="include/Settings.h" />
		<Unit filename="main.cpp" />
		<Unit filename="src/Defuzzyfier.cpp">
			<Option target="Debug" />
		</Unit>
		<Unit filename="src/FuzzySet.cpp" />
		<Unit filename="src/FuzzySystem.cpp" />
		<Unit filename="src/FuzzyVariable.cpp">
			<Option target="Debug" />
		</Unit>
		<Unit filename="src/Fuzzyfier.cpp" />
		<Unit filename="src/InferenceEngine.cpp" />
		<Unit filename="src/Log.cpp" />
		<Unit filename="src/Rule.cpp" />
		<Unit filename="src/Rulebase.cpp" />
		<Unit filename="src/Settings.cpp" />
		<Extensions>
			<code_completion />
			<envvars />
			<debugger />
			<lib_finder disable_auto="1" />
		</Extensions>
	</Project>
</CodeBlocks_project_file>
